PODS:
  - AwesomeBadge (0.1.0):
    - FontAwesome.swift
  - FontAwesome.swift (1.4.6)

DEPENDENCIES:
  - AwesomeBadge (from `../`)
  - FontAwesome.swift

SPEC REPOS:
  https://github.com/cocoapods/specs.git:
    - FontAwesome.swift

EXTERNAL SOURCES:
  AwesomeBadge:
    :path: "../"

SPEC CHECKSUMS:
  AwesomeBadge: d9db3bb7c70d6f624b5d95da2d78a430774d5cc7
  FontAwesome.swift: 18fb500c0decc2bbfadf2ae16a936704ec2c49bd

PODFILE CHECKSUM: b614cb271a7bc36fb241c55534321cad8aed28d0

COCOAPODS: 1.5.3
